<?xml version="1.0" encoding="utf-8"?>
<Project ToolsVersion="4.0" xmlns="http://schemas.microsoft.com/developer/msbuild/2003">
  <ItemGroup>
    <Filter Include="源文件">
      <UniqueIdentifier>{4FC737F1-C7A5-4376-A066-2A32D752A2FF}</UniqueIdentifier>
      <Extensions>cpp;c;cc;cxx;def;odl;idl;hpj;bat;asm;asmx</Extensions>
    </Filter>
    <Filter Include="头文件">
      <UniqueIdentifier>{93995380-89BD-4b04-88EB-625FBE52EBFB}</UniqueIdentifier>
      <Extensions>h;hh;hpp;hxx;hm;inl;inc;ipp;xsd</Extensions>
    </Filter>
    <Filter Include="资源文件">
      <UniqueIdentifier>{67DA6AB6-F800-4c08-8B7A-83BB121AAD01}</UniqueIdentifier>
      <Extensions>rc;ico;cur;bmp;dlg;rc2;rct;bin;rgs;gif;jpg;jpeg;jpe;resx;tiff;tif;png;wav;mfcribbon-ms</Extensions>
    </Filter>
  </ItemGroup>
  <ItemGroup>
    <ClInclude Include="ResourceAllocator\ResourceAllocator.h">
      <Filter>头文件</Filter>
    </ClInclude>
    <ClInclude Include="GameManager\GameManager.h">
      <Filter>头文件</Filter>
    </ClInclude>
    <ClInclude Include="ConstValue.h">
      <Filter>头文件</Filter>
    </ClInclude>
    <ClInclude Include="CTreasureChest\CTreasureChest.h">
      <Filter>头文件</Filter>
    </ClInclude>
    <ClInclude Include="CTheWnd\CTheWnd.h">
      <Filter>头文件</Filter>
    </ClInclude>
    <ClInclude Include="CRedBlood\CRedBlood.h">
      <Filter>头文件</Filter>
    </ClInclude>
    <ClInclude Include="CPlayer\CPlayer.h">
      <Filter>头文件</Filter>
    </ClInclude>
    <ClInclude Include="CMyWnd\CMyWnd.h">
      <Filter>头文件</Filter>
    </ClInclude>
    <ClInclude Include="CMapAI\Wall.h">
      <Filter>头文件</Filter>
    </ClInclude>
    <ClInclude Include="CMapAI\CMapAI.h">
      <Filter>头文件</Filter>
    </ClInclude>
    <ClInclude Include="CItem\CItem.h">
      <Filter>头文件</Filter>
    </ClInclude>
    <ClInclude Include="CEnemyAI\CMeleeMonsterAI.h">
      <Filter>头文件</Filter>
    </ClInclude>
    <ClInclude Include="CEnemyAI\CEnemyAI.h">
      <Filter>头文件</Filter>
    </ClInclude>
    <ClInclude Include="CDataAI\CDataAI.h">
      <Filter>头文件</Filter>
    </ClInclude>
    <ClInclude Include="CBulletAttribute\CBulletAttribute.h">
      <Filter>头文件</Filter>
    </ClInclude>
    <ClInclude Include="CBullet\CBullet.h">
      <Filter>头文件</Filter>
    </ClInclude>
    <ClInclude Include="AnimationBehavior\AnimationBehavior.h">
      <Filter>头文件</Filter>
    </ClInclude>
    <ClInclude Include="BasicTools\BasicTools.h">
      <Filter>头文件</Filter>
    </ClInclude>
    <ClInclude Include="CEnemyAI\CBlockMonsterAI.h">
      <Filter>头文件</Filter>
    </ClInclude>
    <ClInclude Include="CEnemyAI\CRangeMonsterAI.h">
      <Filter>头文件</Filter>
    </ClInclude>
    <ClInclude Include="CEnemyAI\CBossAI.h">
      <Filter>头文件</Filter>
    </ClInclude>
    <ClInclude Include="CEnemyAI\CBosssAI\CDemon.h">
      <Filter>头文件</Filter>
    </ClInclude>
    <ClInclude Include="CEnemyAI\CBosssAI\CGrassPig.h">
      <Filter>头文件</Filter>
    </ClInclude>
    <ClInclude Include="CEnemyAI\CBosssAI\CLava.h">
      <Filter>头文件</Filter>
    </ClInclude>
    <ClInclude Include="GameObject\GameObject.h">
      <Filter>头文件</Filter>
    </ClInclude>
  </ItemGroup>
  <ItemGroup>
    <ClCompile Include="CTheWnd\CTheWnd.cpp">
      <Filter>源文件</Filter>
    </ClCompile>
    <ClCompile Include="ResourceAllocator\ResourceAllocator.cpp">
      <Filter>源文件</Filter>
    </ClCompile>
    <ClCompile Include="GameManager\GameManager.cpp">
      <Filter>源文件</Filter>
    </ClCompile>
    <ClCompile Include="CTreasureChest\CTreasureChest.cpp">
      <Filter>源文件</Filter>
    </ClCompile>
    <ClCompile Include="CRedBlood\CRedBlood.cpp">
      <Filter>源文件</Filter>
    </ClCompile>
    <ClCompile Include="CPlayer\CPlayer.cpp">
      <Filter>源文件</Filter>
    </ClCompile>
    <ClCompile Include="CMyWnd\CMyWnd.cpp">
      <Filter>源文件</Filter>
    </ClCompile>
    <ClCompile Include="CMapAI\Wall.cpp">
      <Filter>源文件</Filter>
    </ClCompile>
    <ClCompile Include="CMapAI\CMapAI.cpp">
      <Filter>源文件</Filter>
    </ClCompile>
    <ClCompile Include="CItem\CItem.cpp">
      <Filter>源文件</Filter>
    </ClCompile>
    <ClCompile Include="CEnemyAI\CMeleeMonster.cpp">
      <Filter>源文件</Filter>
    </ClCompile>
    <ClCompile Include="CEnemyAI\CEnemyAI.cpp">
      <Filter>源文件</Filter>
    </ClCompile>
    <ClCompile Include="CDataAI\CDataAI.cpp">
      <Filter>源文件</Filter>
    </ClCompile>
    <ClCompile Include="CBulletAttribute\CBulletAttribute.cpp">
      <Filter>源文件</Filter>
    </ClCompile>
    <ClCompile Include="CBullet\CBullet.cpp">
      <Filter>源文件</Filter>
    </ClCompile>
    <ClCompile Include="AnimationBehavior\AnimationBehavior.cpp">
      <Filter>源文件</Filter>
    </ClCompile>
    <ClCompile Include="CEnemyAI\CBlockMonsterAI.cpp">
      <Filter>源文件</Filter>
    </ClCompile>
    <ClCompile Include="CEnemyAI\CRangeMonsterAI.cpp">
      <Filter>源文件</Filter>
    </ClCompile>
    <ClCompile Include="CEnemyAI\CBossAI.cpp">
      <Filter>源文件</Filter>
    </ClCompile>
    <ClCompile Include="CEnemyAI\CBosssAI\CDemon.cpp">
      <Filter>源文件</Filter>
    </ClCompile>
    <ClCompile Include="CEnemyAI\CBosssAI\CLava.cpp">
      <Filter>源文件</Filter>
    </ClCompile>
    <ClCompile Include="CEnemyAI\CBosssAI\CGrassPig.cpp">
      <Filter>源文件</Filter>
    </ClCompile>
  </ItemGroup>
  <ItemGroup>
    <Image Include="BMPResources\Boss.bmp">
      <Filter>资源文件</Filter>
    </Image>
    <Image Include="BMPResources\exit0.bmp">
      <Filter>资源文件</Filter>
    </Image>
    <Image Include="BMPResources\gun.bmp">
      <Filter>资源文件</Filter>
    </Image>
    <Image Include="BMPResources\help.bmp">
      <Filter>资源文件</Filter>
    </Image>
    <Image Include="BMPResources\home.bmp">
      <Filter>资源文件</Filter>
    </Image>
    <Image Include="BMPResources\map2.bmp">
      <Filter>资源文件</Filter>
    </Image>
    <Image Include="BMPResources\monster.bmp">
      <Filter>资源文件</Filter>
    </Image>
    <Image Include="BMPResources\mybullet.bmp">
      <Filter>资源文件</Filter>
    </Image>
    <Image Include="BMPResources\reHome.bmp">
      <Filter>资源文件</Filter>
    </Image>
    <Image Include="BMPResources\searchForHelp.bmp">
      <Filter>资源文件</Filter>
    </Image>
    <Image Include="BMPResources\startGame.bmp">
      <Filter>资源文件</Filter>
    </Image>
    <Image Include="BMPResources\stone.bmp">
      <Filter>资源文件</Filter>
    </Image>
  </ItemGroup>
</Project>